// !$*UTF8*$!
{
	archiveVersion = 1;
	classes = {
	};
	objectVersion = 56;
	objects = {

/* Begin PBXBuildFile section */
		FA51396F2C45A50800C38C31 /* Billabong.otf in Resources */ = {isa = PBXBuildFile; fileRef = FA51396E2C45A50800C38C31 /* Billabong.otf */; };
		FA5139712C4DA4FA00C38C31 /* FirebaseMessaging in Frameworks */ = {isa = PBXBuildFile; productRef = FA5139702C4DA4FA00C38C31 /* FirebaseMessaging */; };
		FA5139732C55B65E00C38C31 /* termsOfService.html in Resources */ = {isa = PBXBuildFile; fileRef = FA5139722C55B65E00C38C31 /* termsOfService.html */; };
		FA5139752C56A09D00C38C31 /* privacyPolicy.html in Resources */ = {isa = PBXBuildFile; fileRef = FA5139742C56A09D00C38C31 /* privacyPolicy.html */; };
		FAA244772C70493000CE3E2C /* AuthenticationView.swift in Sources */ = {isa = PBXBuildFile; fileRef = FAA244762C70493000CE3E2C /* AuthenticationView.swift */; };
		FAA244792C7054E900CE3E2C /* SignInView.swift in Sources */ = {isa = PBXBuildFile; fileRef = FAA244782C7054E900CE3E2C /* SignInView.swift */; };
		FAA2447B2C70554E00CE3E2C /* SignedInView.swift in Sources */ = {isa = PBXBuildFile; fileRef = FAA2447A2C70554E00CE3E2C /* SignedInView.swift */; };
		FAA2447D2C70560500CE3E2C /* SignUpView.swift in Sources */ = {isa = PBXBuildFile; fileRef = FAA2447C2C70560500CE3E2C /* SignUpView.swift */; };
		FAA244802C70572F00CE3E2C /* NotificationManager.swift in Sources */ = {isa = PBXBuildFile; fileRef = FAA2447F2C70572F00CE3E2C /* NotificationManager.swift */; };
		FAA244832C7058AE00CE3E2C /* SessionStore.swift in Sources */ = {isa = PBXBuildFile; fileRef = FAA244822C7058AE00CE3E2C /* SessionStore.swift */; };
		FAA244852C70590500CE3E2C /* UserStore.swift in Sources */ = {isa = PBXBuildFile; fileRef = FAA244842C70590500CE3E2C /* UserStore.swift */; };
		FAA244872C70597400CE3E2C /* PostStore.swift in Sources */ = {isa = PBXBuildFile; fileRef = FAA244862C70597400CE3E2C /* PostStore.swift */; };
		FAA2448A2C7059AF00CE3E2C /* ViewClosetView.swift in Sources */ = {isa = PBXBuildFile; fileRef = FAA244892C7059AF00CE3E2C /* ViewClosetView.swift */; };
		FAA2448C2C705A0C00CE3E2C /* UserClosetView.swift in Sources */ = {isa = PBXBuildFile; fileRef = FAA2448B2C705A0C00CE3E2C /* UserClosetView.swift */; };
		FAA2448F2C705A4800CE3E2C /* SearchView.swift in Sources */ = {isa = PBXBuildFile; fileRef = FAA2448E2C705A4800CE3E2C /* SearchView.swift */; };
		FAA244912C705A7600CE3E2C /* FilterView.swift in Sources */ = {isa = PBXBuildFile; fileRef = FAA244902C705A7600CE3E2C /* FilterView.swift */; };
		FAA244942C705B8800CE3E2C /* Categories.swift in Sources */ = {isa = PBXBuildFile; fileRef = FAA244932C705B8800CE3E2C /* Categories.swift */; };
		FAA244962C705BA400CE3E2C /* post.swift in Sources */ = {isa = PBXBuildFile; fileRef = FAA244952C705BA400CE3E2C /* post.swift */; };
		FAA244982C705C0200CE3E2C /* comments.swift in Sources */ = {isa = PBXBuildFile; fileRef = FAA244972C705C0200CE3E2C /* comments.swift */; };
		FAA2449A2C705C4A00CE3E2C /* user.swift in Sources */ = {isa = PBXBuildFile; fileRef = FAA244992C705C4A00CE3E2C /* user.swift */; };
		FAA2449C2C705C9F00CE3E2C /* PostView.swift in Sources */ = {isa = PBXBuildFile; fileRef = FAA2449B2C705C9F00CE3E2C /* PostView.swift */; };
		FAA2449E2C705CE000CE3E2C /* MyClosetView.swift in Sources */ = {isa = PBXBuildFile; fileRef = FAA2449D2C705CE000CE3E2C /* MyClosetView.swift */; };
		FAA244A12C705DE000CE3E2C /* PostDetailView.swift in Sources */ = {isa = PBXBuildFile; fileRef = FAA244A02C705DE000CE3E2C /* PostDetailView.swift */; };
		FAA244A32C705DFF00CE3E2C /* CommentsView.swift in Sources */ = {isa = PBXBuildFile; fileRef = FAA244A22C705DFF00CE3E2C /* CommentsView.swift */; };
		FAA244A52C705E2000CE3E2C /* SettingsView.swift in Sources */ = {isa = PBXBuildFile; fileRef = FAA244A42C705E2000CE3E2C /* SettingsView.swift */; };
		FAA244A82C705E7C00CE3E2C /* ImageSelectionTools.swift in Sources */ = {isa = PBXBuildFile; fileRef = FAA244A72C705E7C00CE3E2C /* ImageSelectionTools.swift */; };
		FAA244AA2C705EA900CE3E2C /* notification.swift in Sources */ = {isa = PBXBuildFile; fileRef = FAA244A92C705EA900CE3E2C /* notification.swift */; };
		FAA244AD2C705F7B00CE3E2C /* NotificationsView.swift in Sources */ = {isa = PBXBuildFile; fileRef = FAA244AC2C705F7B00CE3E2C /* NotificationsView.swift */; };
		FAA244AF2C705FAF00CE3E2C /* ZoomableImageView.swift in Sources */ = {isa = PBXBuildFile; fileRef = FAA244AE2C705FAF00CE3E2C /* ZoomableImageView.swift */; };
		FAA244B42C70604D00CE3E2C /* PostDataView.swift in Sources */ = {isa = PBXBuildFile; fileRef = FAA244B32C70604D00CE3E2C /* PostDataView.swift */; };
		FAA244B62C70607E00CE3E2C /* DismissingKeyboardView.swift in Sources */ = {isa = PBXBuildFile; fileRef = FAA244B52C70607E00CE3E2C /* DismissingKeyboardView.swift */; };
		FAA244B82C7060A400CE3E2C /* TermsOfService.swift in Sources */ = {isa = PBXBuildFile; fileRef = FAA244B72C7060A400CE3E2C /* TermsOfService.swift */; };
		FAA244BA2C7060C700CE3E2C /* PrivacyPolicyView.swift in Sources */ = {isa = PBXBuildFile; fileRef = FAA244B92C7060C700CE3E2C /* PrivacyPolicyView.swift */; };
		FAA244BC2C7060EA00CE3E2C /* WebView.swift in Sources */ = {isa = PBXBuildFile; fileRef = FAA244BB2C7060EA00CE3E2C /* WebView.swift */; };
		FAA244BE2C70611000CE3E2C /* InfoRow.swift in Sources */ = {isa = PBXBuildFile; fileRef = FAA244BD2C70611000CE3E2C /* InfoRow.swift */; };
		FAA244C02C70613B00CE3E2C /* FollowersListView.swift in Sources */ = {isa = PBXBuildFile; fileRef = FAA244BF2C70613B00CE3E2C /* FollowersListView.swift */; };
		FAA244C32C7061A800CE3E2C /* ReturnItemView.swift in Sources */ = {isa = PBXBuildFile; fileRef = FAA244C22C7061A800CE3E2C /* ReturnItemView.swift */; };
		FAA244C52C7061CA00CE3E2C /* FulfillmentView.swift in Sources */ = {isa = PBXBuildFile; fileRef = FAA244C42C7061CA00CE3E2C /* FulfillmentView.swift */; };
		FAA244C72C7061EA00CE3E2C /* ShippingPaymentView.swift in Sources */ = {isa = PBXBuildFile; fileRef = FAA244C62C7061EA00CE3E2C /* ShippingPaymentView.swift */; };
		FAA244C92C70622E00CE3E2C /* BuyerOrRenterNotificationView.swift in Sources */ = {isa = PBXBuildFile; fileRef = FAA244C82C70622E00CE3E2C /* BuyerOrRenterNotificationView.swift */; };
		FAA244CC2C70626400CE3E2C /* CountdownTimerView.swift in Sources */ = {isa = PBXBuildFile; fileRef = FAA244CB2C70626400CE3E2C /* CountdownTimerView.swift */; };
		FAA244CE2C70627D00CE3E2C /* AdminApprovalView.swift in Sources */ = {isa = PBXBuildFile; fileRef = FAA244CD2C70627D00CE3E2C /* AdminApprovalView.swift */; };
		FAA244D02C712F1000CE3E2C /* .gitignore in Resources */ = {isa = PBXBuildFile; fileRef = FAA244CF2C712F1000CE3E2C /* .gitignore */; };
		FAA670C12C5C7045005B625F /* froc5-cc696-firebase-adminsdk-yu5v0-29ca05333c.json in Resources */ = {isa = PBXBuildFile; fileRef = FAA670C02C5C7045005B625F /* froc5-cc696-firebase-adminsdk-yu5v0-29ca05333c.json */; };
		FAA670C42C5C709E005B625F /* Discovery in Frameworks */ = {isa = PBXBuildFile; productRef = FAA670C32C5C709E005B625F /* Discovery */; };
		FAA670C62C5C709E005B625F /* GoogleAPIRuntime in Frameworks */ = {isa = PBXBuildFile; productRef = FAA670C52C5C709E005B625F /* GoogleAPIRuntime */; };
		FAA670C92C5D41B8005B625F /* OAuth1 in Frameworks */ = {isa = PBXBuildFile; productRef = FAA670C82C5D41B8005B625F /* OAuth1 */; };
		FAA670CB2C5D41B8005B625F /* OAuth2 in Frameworks */ = {isa = PBXBuildFile; productRef = FAA670CA2C5D41B8005B625F /* OAuth2 */; };
		FAA670CD2C5D41B8005B625F /* SwiftyBase64 in Frameworks */ = {isa = PBXBuildFile; productRef = FAA670CC2C5D41B8005B625F /* SwiftyBase64 */; };
		FAA670CF2C5D41B8005B625F /* TinyHTTPServer in Frameworks */ = {isa = PBXBuildFile; productRef = FAA670CE2C5D41B8005B625F /* TinyHTTPServer */; };
		FAA670D22C5D464B005B625F /* JWTKit in Frameworks */ = {isa = PBXBuildFile; productRef = FAA670D12C5D464B005B625F /* JWTKit */; };
		FABC40082C37A0AF0037E581 /* FROC5App.swift in Sources */ = {isa = PBXBuildFile; fileRef = FABC40072C37A0AF0037E581 /* FROC5App.swift */; };
		FABC400A2C37A0AF0037E581 /* ContentView.swift in Sources */ = {isa = PBXBuildFile; fileRef = FABC40092C37A0AF0037E581 /* ContentView.swift */; };
		FABC400C2C37A0B00037E581 /* Assets.xcassets in Resources */ = {isa = PBXBuildFile; fileRef = FABC400B2C37A0B00037E581 /* Assets.xcassets */; };
		FABC400F2C37A0B00037E581 /* Preview Assets.xcassets in Resources */ = {isa = PBXBuildFile; fileRef = FABC400E2C37A0B00037E581 /* Preview Assets.xcassets */; };
		FABC40192C37A24D0037E581 /* FirebaseAnalytics in Frameworks */ = {isa = PBXBuildFile; productRef = FABC40182C37A24D0037E581 /* FirebaseAnalytics */; };
		FABC401B2C37A24D0037E581 /* FirebaseAnalyticsSwift in Frameworks */ = {isa = PBXBuildFile; productRef = FABC401A2C37A24D0037E581 /* FirebaseAnalyticsSwift */; };
		FABC401D2C37A36C0037E581 /* FirebaseAuth in Frameworks */ = {isa = PBXBuildFile; productRef = FABC401C2C37A36C0037E581 /* FirebaseAuth */; };
		FABC401F2C37A8A10037E581 /* GoogleService-Info.plist in Resources */ = {isa = PBXBuildFile; fileRef = FABC401E2C37A8A10037E581 /* GoogleService-Info.plist */; };
		FABC40212C3836CF0037E581 /* FirebaseFirestore in Frameworks */ = {isa = PBXBuildFile; productRef = FABC40202C3836CF0037E581 /* FirebaseFirestore */; };
		FABC40252C38EC6E0037E581 /* FirebaseStorage in Frameworks */ = {isa = PBXBuildFile; productRef = FABC40242C38EC6E0037E581 /* FirebaseStorage */; };
		FABC40282C399E880037E581 /* CropViewController in Frameworks */ = {isa = PBXBuildFile; productRef = FABC40272C399E880037E581 /* CropViewController */; };
		FABC402A2C399E880037E581 /* TOCropViewController in Frameworks */ = {isa = PBXBuildFile; productRef = FABC40292C399E880037E581 /* TOCropViewController */; };
/* End PBXBuildFile section */

/* Begin PBXFileReference section */
		FA51396E2C45A50800C38C31 /* Billabong.otf */ = {isa = PBXFileReference; lastKnownFileType = file; path = Billabong.otf; sourceTree = "<group>"; };
		FA5139722C55B65E00C38C31 /* termsOfService.html */ = {isa = PBXFileReference; lastKnownFileType = text.html; path = termsOfService.html; sourceTree = "<group>"; };
		FA5139742C56A09D00C38C31 /* privacyPolicy.html */ = {isa = PBXFileReference; lastKnownFileType = text.html; path = privacyPolicy.html; sourceTree = "<group>"; };
		FAA244762C70493000CE3E2C /* AuthenticationView.swift */ = {isa = PBXFileReference; lastKnownFileType = sourcecode.swift; path = AuthenticationView.swift; sourceTree = "<group>"; };
		FAA244782C7054E900CE3E2C /* SignInView.swift */ = {isa = PBXFileReference; lastKnownFileType = sourcecode.swift; path = SignInView.swift; sourceTree = "<group>"; };
		FAA2447A2C70554E00CE3E2C /* SignedInView.swift */ = {isa = PBXFileReference; lastKnownFileType = sourcecode.swift; path = SignedInView.swift; sourceTree = "<group>"; };
		FAA2447C2C70560500CE3E2C /* SignUpView.swift */ = {isa = PBXFileReference; lastKnownFileType = sourcecode.swift; path = SignUpView.swift; sourceTree = "<group>"; };
		FAA2447F2C70572F00CE3E2C /* NotificationManager.swift */ = {isa = PBXFileReference; lastKnownFileType = sourcecode.swift; path = NotificationManager.swift; sourceTree = "<group>"; };
		FAA244822C7058AE00CE3E2C /* SessionStore.swift */ = {isa = PBXFileReference; lastKnownFileType = sourcecode.swift; path = SessionStore.swift; sourceTree = "<group>"; };
		FAA244842C70590500CE3E2C /* UserStore.swift */ = {isa = PBXFileReference; lastKnownFileType = sourcecode.swift; path = UserStore.swift; sourceTree = "<group>"; };
		FAA244862C70597400CE3E2C /* PostStore.swift */ = {isa = PBXFileReference; lastKnownFileType = sourcecode.swift; path = PostStore.swift; sourceTree = "<group>"; };
		FAA244892C7059AF00CE3E2C /* ViewClosetView.swift */ = {isa = PBXFileReference; lastKnownFileType = sourcecode.swift; path = ViewClosetView.swift; sourceTree = "<group>"; };
		FAA2448B2C705A0C00CE3E2C /* UserClosetView.swift */ = {isa = PBXFileReference; lastKnownFileType = sourcecode.swift; path = UserClosetView.swift; sourceTree = "<group>"; };
		FAA2448E2C705A4800CE3E2C /* SearchView.swift */ = {isa = PBXFileReference; lastKnownFileType = sourcecode.swift; path = SearchView.swift; sourceTree = "<group>"; };
		FAA244902C705A7600CE3E2C /* FilterView.swift */ = {isa = PBXFileReference; lastKnownFileType = sourcecode.swift; path = FilterView.swift; sourceTree = "<group>"; };
		FAA244932C705B8800CE3E2C /* Categories.swift */ = {isa = PBXFileReference; lastKnownFileType = sourcecode.swift; path = Categories.swift; sourceTree = "<group>"; };
		FAA244952C705BA400CE3E2C /* post.swift */ = {isa = PBXFileReference; lastKnownFileType = sourcecode.swift; path = post.swift; sourceTree = "<group>"; };
		FAA244972C705C0200CE3E2C /* comments.swift */ = {isa = PBXFileReference; lastKnownFileType = sourcecode.swift; path = comments.swift; sourceTree = "<group>"; };
		FAA244992C705C4A00CE3E2C /* user.swift */ = {isa = PBXFileReference; lastKnownFileType = sourcecode.swift; path = user.swift; sourceTree = "<group>"; };
		FAA2449B2C705C9F00CE3E2C /* PostView.swift */ = {isa = PBXFileReference; lastKnownFileType = sourcecode.swift; path = PostView.swift; sourceTree = "<group>"; };
		FAA2449D2C705CE000CE3E2C /* MyClosetView.swift */ = {isa = PBXFileReference; lastKnownFileType = sourcecode.swift; path = MyClosetView.swift; sourceTree = "<group>"; };
		FAA244A02C705DE000CE3E2C /* PostDetailView.swift */ = {isa = PBXFileReference; lastKnownFileType = sourcecode.swift; path = PostDetailView.swift; sourceTree = "<group>"; };
		FAA244A22C705DFF00CE3E2C /* CommentsView.swift */ = {isa = PBXFileReference; lastKnownFileType = sourcecode.swift; path = CommentsView.swift; sourceTree = "<group>"; };
		FAA244A42C705E2000CE3E2C /* SettingsView.swift */ = {isa = PBXFileReference; lastKnownFileType = sourcecode.swift; path = SettingsView.swift; sourceTree = "<group>"; };
		FAA244A72C705E7C00CE3E2C /* ImageSelectionTools.swift */ = {isa = PBXFileReference; lastKnownFileType = sourcecode.swift; path = ImageSelectionTools.swift; sourceTree = "<group>"; };
		FAA244A92C705EA900CE3E2C /* notification.swift */ = {isa = PBXFileReference; lastKnownFileType = sourcecode.swift; path = notification.swift; sourceTree = "<group>"; };
		FAA244AC2C705F7B00CE3E2C /* NotificationsView.swift */ = {isa = PBXFileReference; lastKnownFileType = sourcecode.swift; path = NotificationsView.swift; sourceTree = "<group>"; };
		FAA244AE2C705FAF00CE3E2C /* ZoomableImageView.swift */ = {isa = PBXFileReference; lastKnownFileType = sourcecode.swift; path = ZoomableImageView.swift; sourceTree = "<group>"; };
		FAA244B32C70604D00CE3E2C /* PostDataView.swift */ = {isa = PBXFileReference; lastKnownFileType = sourcecode.swift; path = PostDataView.swift; sourceTree = "<group>"; };
		FAA244B52C70607E00CE3E2C /* DismissingKeyboardView.swift */ = {isa = PBXFileReference; lastKnownFileType = sourcecode.swift; path = DismissingKeyboardView.swift; sourceTree = "<group>"; };
		FAA244B72C7060A400CE3E2C /* TermsOfService.swift */ = {isa = PBXFileReference; lastKnownFileType = sourcecode.swift; path = TermsOfService.swift; sourceTree = "<group>"; };
		FAA244B92C7060C700CE3E2C /* PrivacyPolicyView.swift */ = {isa = PBXFileReference; lastKnownFileType = sourcecode.swift; path = PrivacyPolicyView.swift; sourceTree = "<group>"; };
		FAA244BB2C7060EA00CE3E2C /* WebView.swift */ = {isa = PBXFileReference; lastKnownFileType = sourcecode.swift; path = WebView.swift; sourceTree = "<group>"; };
		FAA244BD2C70611000CE3E2C /* InfoRow.swift */ = {isa = PBXFileReference; lastKnownFileType = sourcecode.swift; path = InfoRow.swift; sourceTree = "<group>"; };
		FAA244BF2C70613B00CE3E2C /* FollowersListView.swift */ = {isa = PBXFileReference; lastKnownFileType = sourcecode.swift; path = FollowersListView.swift; sourceTree = "<group>"; };
		FAA244C22C7061A800CE3E2C /* ReturnItemView.swift */ = {isa = PBXFileReference; lastKnownFileType = sourcecode.swift; path = ReturnItemView.swift; sourceTree = "<group>"; };
		FAA244C42C7061CA00CE3E2C /* FulfillmentView.swift */ = {isa = PBXFileReference; lastKnownFileType = sourcecode.swift; path = FulfillmentView.swift; sourceTree = "<group>"; };
		FAA244C62C7061EA00CE3E2C /* ShippingPaymentView.swift */ = {isa = PBXFileReference; lastKnownFileType = sourcecode.swift; path = ShippingPaymentView.swift; sourceTree = "<group>"; };
		FAA244C82C70622E00CE3E2C /* BuyerOrRenterNotificationView.swift */ = {isa = PBXFileReference; lastKnownFileType = sourcecode.swift; path = BuyerOrRenterNotificationView.swift; sourceTree = "<group>"; };
		FAA244CB2C70626400CE3E2C /* CountdownTimerView.swift */ = {isa = PBXFileReference; lastKnownFileType = sourcecode.swift; path = CountdownTimerView.swift; sourceTree = "<group>"; };
		FAA244CD2C70627D00CE3E2C /* AdminApprovalView.swift */ = {isa = PBXFileReference; lastKnownFileType = sourcecode.swift; path = AdminApprovalView.swift; sourceTree = "<group>"; };
		FAA244CF2C712F1000CE3E2C /* .gitignore */ = {isa = PBXFileReference; lastKnownFileType = text; path = .gitignore; sourceTree = "<group>"; };
		FAA670BF2C5C6BF0005B625F /* FROC5.entitlements */ = {isa = PBXFileReference; lastKnownFileType = text.plist.entitlements; path = FROC5.entitlements; sourceTree = "<group>"; };
		FAA670C02C5C7045005B625F /* froc5-cc696-firebase-adminsdk-yu5v0-29ca05333c.json */ = {isa = PBXFileReference; fileEncoding = 4; lastKnownFileType = text.json; path = "froc5-cc696-firebase-adminsdk-yu5v0-29ca05333c.json"; sourceTree = "<group>"; };
		FABC40042C37A0AF0037E581 /* FROC5.app */ = {isa = PBXFileReference; explicitFileType = wrapper.application; includeInIndex = 0; path = FROC5.app; sourceTree = BUILT_PRODUCTS_DIR; };
		FABC40072C37A0AF0037E581 /* FROC5App.swift */ = {isa = PBXFileReference; lastKnownFileType = sourcecode.swift; path = FROC5App.swift; sourceTree = "<group>"; };
		FABC40092C37A0AF0037E581 /* ContentView.swift */ = {isa = PBXFileReference; lastKnownFileType = sourcecode.swift; path = ContentView.swift; sourceTree = "<group>"; };
		FABC400B2C37A0B00037E581 /* Assets.xcassets */ = {isa = PBXFileReference; lastKnownFileType = folder.assetcatalog; path = Assets.xcassets; sourceTree = "<group>"; };
		FABC400E2C37A0B00037E581 /* Preview Assets.xcassets */ = {isa = PBXFileReference; lastKnownFileType = folder.assetcatalog; path = "Preview Assets.xcassets"; sourceTree = "<group>"; };
		FABC401E2C37A8A10037E581 /* GoogleService-Info.plist */ = {isa = PBXFileReference; fileEncoding = 4; lastKnownFileType = text.plist.xml; path = "GoogleService-Info.plist"; sourceTree = "<group>"; };
		FABC40222C389ADC0037E581 /* Info.plist */ = {isa = PBXFileReference; lastKnownFileType = text.plist; path = Info.plist; sourceTree = "<group>"; };
/* End PBXFileReference section */

/* Begin PBXFrameworksBuildPhase section */
		FABC40012C37A0AF0037E581 /* Frameworks */ = {
			isa = PBXFrameworksBuildPhase;
			buildActionMask = 2147483647;
			files = (
				FAA670D22C5D464B005B625F /* JWTKit in Frameworks */,
				FAA670CD2C5D41B8005B625F /* SwiftyBase64 in Frameworks */,
				FA5139712C4DA4FA00C38C31 /* FirebaseMessaging in Frameworks */,
				FAA670C92C5D41B8005B625F /* OAuth1 in Frameworks */,
				FABC401B2C37A24D0037E581 /* FirebaseAnalyticsSwift in Frameworks */,
				FABC40212C3836CF0037E581 /* FirebaseFirestore in Frameworks */,
				FABC402A2C399E880037E581 /* TOCropViewController in Frameworks */,
				FABC401D2C37A36C0037E581 /* FirebaseAuth in Frameworks */,
				FAA670C42C5C709E005B625F /* Discovery in Frameworks */,
				FABC40252C38EC6E0037E581 /* FirebaseStorage in Frameworks */,
				FABC40192C37A24D0037E581 /* FirebaseAnalytics in Frameworks */,
				FAA670CB2C5D41B8005B625F /* OAuth2 in Frameworks */,
				FABC40282C399E880037E581 /* CropViewController in Frameworks */,
				FAA670C62C5C709E005B625F /* GoogleAPIRuntime in Frameworks */,
				FAA670CF2C5D41B8005B625F /* TinyHTTPServer in Frameworks */,
			);
			runOnlyForDeploymentPostprocessing = 0;
		};
/* End PBXFrameworksBuildPhase section */

/* Begin PBXGroup section */
		FAA244752C7048CC00CE3E2C /* Views */ = {
			isa = PBXGroup;
			children = (
				FABC40092C37A0AF0037E581 /* ContentView.swift */,
				FAA244C12C70619B00CE3E2C /* Fulfillment Pipeline */,
				FAA244B02C70601300CE3E2C /* MixedViews */,
				FAA244AB2C705F4D00CE3E2C /* Notifications */,
				FAA244882C70599E00CE3E2C /* MainViews */,
				FAA2447E2C70567E00CE3E2C /* Authentication */,
				FAA2449B2C705C9F00CE3E2C /* PostView.swift */,
				FAA244A22C705DFF00CE3E2C /* CommentsView.swift */,
			);
			path = Views;
			sourceTree = "<group>";
		};
		FAA2447E2C70567E00CE3E2C /* Authentication */ = {
			isa = PBXGroup;
			children = (
				FAA244762C70493000CE3E2C /* AuthenticationView.swift */,
				FAA244782C7054E900CE3E2C /* SignInView.swift */,
				FAA2447C2C70560500CE3E2C /* SignUpView.swift */,
				FAA2447A2C70554E00CE3E2C /* SignedInView.swift */,
			);
			path = Authentication;
			sourceTree = "<group>";
		};
		FAA244812C7058A000CE3E2C /* GlobalStores */ = {
			isa = PBXGroup;
			children = (
				FAA244822C7058AE00CE3E2C /* SessionStore.swift */,
				FAA244842C70590500CE3E2C /* UserStore.swift */,
				FAA244862C70597400CE3E2C /* PostStore.swift */,
			);
			path = GlobalStores;
			sourceTree = "<group>";
		};
		FAA244882C70599E00CE3E2C /* MainViews */ = {
			isa = PBXGroup;
			children = (
				FAA2449F2C705CF500CE3E2C /* MyCloset */,
				FAA2448D2C705A3400CE3E2C /* SearchViews */,
				FAA244892C7059AF00CE3E2C /* ViewClosetView.swift */,
			);
			path = MainViews;
			sourceTree = "<group>";
		};
		FAA2448D2C705A3400CE3E2C /* SearchViews */ = {
			isa = PBXGroup;
			children = (
				FAA2448E2C705A4800CE3E2C /* SearchView.swift */,
				FAA244902C705A7600CE3E2C /* FilterView.swift */,
				FAA244932C705B8800CE3E2C /* Categories.swift */,
			);
			path = SearchViews;
			sourceTree = "<group>";
		};
		FAA244922C705B4D00CE3E2C /* Objects */ = {
			isa = PBXGroup;
			children = (
				FAA244952C705BA400CE3E2C /* post.swift */,
				FAA244972C705C0200CE3E2C /* comments.swift */,
				FAA244992C705C4A00CE3E2C /* user.swift */,
				FAA244A92C705EA900CE3E2C /* notification.swift */,
			);
			path = Objects;
			sourceTree = "<group>";
		};
		FAA2449F2C705CF500CE3E2C /* MyCloset */ = {
			isa = PBXGroup;
			children = (
				FAA2449D2C705CE000CE3E2C /* MyClosetView.swift */,
				FAA244A42C705E2000CE3E2C /* SettingsView.swift */,
			);
			path = MyCloset;
			sourceTree = "<group>";
		};
		FAA244A62C705E5000CE3E2C /* Tools */ = {
			isa = PBXGroup;
			children = (
				FA5139722C55B65E00C38C31 /* termsOfService.html */,
				FA5139742C56A09D00C38C31 /* privacyPolicy.html */,
				FAA244A72C705E7C00CE3E2C /* ImageSelectionTools.swift */,
				FAA244AE2C705FAF00CE3E2C /* ZoomableImageView.swift */,
				FAA244B52C70607E00CE3E2C /* DismissingKeyboardView.swift */,
				FAA244B72C7060A400CE3E2C /* TermsOfService.swift */,
				FAA244B92C7060C700CE3E2C /* PrivacyPolicyView.swift */,
				FAA244BB2C7060EA00CE3E2C /* WebView.swift */,
				FAA244BD2C70611000CE3E2C /* InfoRow.swift */,
			);
			path = Tools;
			sourceTree = "<group>";
		};
		FAA244AB2C705F4D00CE3E2C /* Notifications */ = {
			isa = PBXGroup;
			children = (
				FAA2447F2C70572F00CE3E2C /* NotificationManager.swift */,
				FAA244AC2C705F7B00CE3E2C /* NotificationsView.swift */,
			);
			path = Notifications;
			sourceTree = "<group>";
		};
		FAA244B02C70601300CE3E2C /* MixedViews */ = {
			isa = PBXGroup;
			children = (
				FAA244B32C70604D00CE3E2C /* PostDataView.swift */,
				FAA244A02C705DE000CE3E2C /* PostDetailView.swift */,
				FAA244BF2C70613B00CE3E2C /* FollowersListView.swift */,
				FAA2448B2C705A0C00CE3E2C /* UserClosetView.swift */,
			);
			path = MixedViews;
			sourceTree = "<group>";
		};
		FAA244C12C70619B00CE3E2C /* Fulfillment Pipeline */ = {
			isa = PBXGroup;
			children = (
				FAA244C62C7061EA00CE3E2C /* ShippingPaymentView.swift */,
				FAA244CD2C70627D00CE3E2C /* AdminApprovalView.swift */,
				FAA244C42C7061CA00CE3E2C /* FulfillmentView.swift */,
				FAA244C82C70622E00CE3E2C /* BuyerOrRenterNotificationView.swift */,
				FAA244CB2C70626400CE3E2C /* CountdownTimerView.swift */,
				FAA244C22C7061A800CE3E2C /* ReturnItemView.swift */,
			);
			path = "Fulfillment Pipeline";
			sourceTree = "<group>";
		};
		FABC3FFB2C37A0AF0037E581 = {
			isa = PBXGroup;
			children = (
				FAA244CF2C712F1000CE3E2C /* .gitignore */,
				FABC40062C37A0AF0037E581 /* FROC5 */,
				FABC40052C37A0AF0037E581 /* Products */,
				FABC40232C38EC6E0037E581 /* Frameworks */,
			);
			sourceTree = "<group>";
		};
		FABC40052C37A0AF0037E581 /* Products */ = {
			isa = PBXGroup;
			children = (
				FABC40042C37A0AF0037E581 /* FROC5.app */,
			);
			name = Products;
			sourceTree = "<group>";
		};
		FABC40062C37A0AF0037E581 /* FROC5 */ = {
			isa = PBXGroup;
			children = (
				FAA670BF2C5C6BF0005B625F /* FROC5.entitlements */,
				FA51396E2C45A50800C38C31 /* Billabong.otf */,
				FABC40222C389ADC0037E581 /* Info.plist */,
				FAA670C02C5C7045005B625F /* froc5-cc696-firebase-adminsdk-yu5v0-29ca05333c.json */,
				FABC40072C37A0AF0037E581 /* FROC5App.swift */,
				FAA244752C7048CC00CE3E2C /* Views */,
				FAA244812C7058A000CE3E2C /* GlobalStores */,
				FAA244922C705B4D00CE3E2C /* Objects */,
				FAA244A62C705E5000CE3E2C /* Tools */,
				FABC400B2C37A0B00037E581 /* Assets.xcassets */,
				FABC401E2C37A8A10037E581 /* GoogleService-Info.plist */,
				FABC400D2C37A0B00037E581 /* Preview Content */,
			);
			path = FROC5;
			sourceTree = "<group>";
		};
		FABC400D2C37A0B00037E581 /* Preview Content */ = {
			isa = PBXGroup;
			children = (
				FABC400E2C37A0B00037E581 /* Preview Assets.xcassets */,
			);
			path = "Preview Content";
			sourceTree = "<group>";
		};
		FABC40232C38EC6E0037E581 /* Frameworks */ = {
			isa = PBXGroup;
			children = (
			);
			name = Frameworks;
			sourceTree = "<group>";
		};
/* End PBXGroup section */

/* Begin PBXNativeTarget section */
		FABC40032C37A0AF0037E581 /* FROC5 */ = {
			isa = PBXNativeTarget;
			buildConfigurationList = FABC40122C37A0B00037E581 /* Build configuration list for PBXNativeTarget "FROC5" */;
			buildPhases = (
				FABC40002C37A0AF0037E581 /* Sources */,
				FABC40012C37A0AF0037E581 /* Frameworks */,
				FABC40022C37A0AF0037E581 /* Resources */,
			);
			buildRules = (
			);
			dependencies = (
			);
			name = FROC5;
			packageProductDependencies = (
				FABC40182C37A24D0037E581 /* FirebaseAnalytics */,
				FABC401A2C37A24D0037E581 /* FirebaseAnalyticsSwift */,
				FABC401C2C37A36C0037E581 /* FirebaseAuth */,
				FABC40202C3836CF0037E581 /* FirebaseFirestore */,
				FABC40242C38EC6E0037E581 /* FirebaseStorage */,
				FABC40272C399E880037E581 /* CropViewController */,
				FABC40292C399E880037E581 /* TOCropViewController */,
				FA5139702C4DA4FA00C38C31 /* FirebaseMessaging */,
				FAA670C32C5C709E005B625F /* Discovery */,
				FAA670C52C5C709E005B625F /* GoogleAPIRuntime */,
				FAA670C82C5D41B8005B625F /* OAuth1 */,
				FAA670CA2C5D41B8005B625F /* OAuth2 */,
				FAA670CC2C5D41B8005B625F /* SwiftyBase64 */,
				FAA670CE2C5D41B8005B625F /* TinyHTTPServer */,
				FAA670D12C5D464B005B625F /* JWTKit */,
			);
			productName = FROC5;
			productReference = FABC40042C37A0AF0037E581 /* FROC5.app */;
			productType = "com.apple.product-type.application";
		};
/* End PBXNativeTarget section */

/* Begin PBXProject section */
		FABC3FFC2C37A0AF0037E581 /* Project object */ = {
			isa = PBXProject;
			attributes = {
				BuildIndependentTargetsInParallel = 1;
				LastSwiftUpdateCheck = 1540;
				LastUpgradeCheck = 1540;
				TargetAttributes = {
					FABC40032C37A0AF0037E581 = {
						CreatedOnToolsVersion = 15.4;
					};
				};
			};
			buildConfigurationList = FABC3FFF2C37A0AF0037E581 /* Build configuration list for PBXProject "FROC5" */;
			compatibilityVersion = "Xcode 14.0";
			developmentRegion = en;
			hasScannedForEncodings = 0;
			knownRegions = (
				en,
				Base,
			);
			mainGroup = FABC3FFB2C37A0AF0037E581;
			packageReferences = (
				FABC40172C37A24D0037E581 /* XCRemoteSwiftPackageReference "firebase-ios-sdk" */,
				FABC40262C399E880037E581 /* XCRemoteSwiftPackageReference "TOCropViewController" */,
				FAA670C22C5C709E005B625F /* XCRemoteSwiftPackageReference "google-api-swift-client" */,
				FAA670C72C5D41B8005B625F /* XCRemoteSwiftPackageReference "google-auth-library-swift" */,
				FAA670D02C5D464B005B625F /* XCRemoteSwiftPackageReference "jwt-kit" */,
			);
			productRefGroup = FABC40052C37A0AF0037E581 /* Products */;
			projectDirPath = "";
			projectRoot = "";
			targets = (
				FABC40032C37A0AF0037E581 /* FROC5 */,
			);
		};
/* End PBXProject section */

/* Begin PBXResourcesBuildPhase section */
		FABC40022C37A0AF0037E581 /* Resources */ = {
			isa = PBXResourcesBuildPhase;
			buildActionMask = 2147483647;
			files = (
				FAA244D02C712F1000CE3E2C /* .gitignore in Resources */,
				FABC400F2C37A0B00037E581 /* Preview Assets.xcassets in Resources */,
				FABC401F2C37A8A10037E581 /* GoogleService-Info.plist in Resources */,
				FA5139732C55B65E00C38C31 /* termsOfService.html in Resources */,
				FA51396F2C45A50800C38C31 /* Billabong.otf in Resources */,
				FABC400C2C37A0B00037E581 /* Assets.xcassets in Resources */,
				FAA670C12C5C7045005B625F /* froc5-cc696-firebase-adminsdk-yu5v0-29ca05333c.json in Resources */,
				FA5139752C56A09D00C38C31 /* privacyPolicy.html in Resources */,
			);
			runOnlyForDeploymentPostprocessing = 0;
		};
/* End PBXResourcesBuildPhase section */

/* Begin PBXSourcesBuildPhase section */
		FABC40002C37A0AF0037E581 /* Sources */ = {
			isa = PBXSourcesBuildPhase;
			buildActionMask = 2147483647;
			files = (
				FAA244B82C7060A400CE3E2C /* TermsOfService.swift in Sources */,
				FAA244BC2C7060EA00CE3E2C /* WebView.swift in Sources */,
				FAA244912C705A7600CE3E2C /* FilterView.swift in Sources */,
				FAA244A52C705E2000CE3E2C /* SettingsView.swift in Sources */,
				FAA2447B2C70554E00CE3E2C /* SignedInView.swift in Sources */,
				FAA244982C705C0200CE3E2C /* comments.swift in Sources */,
				FAA244942C705B8800CE3E2C /* Categories.swift in Sources */,
				FABC400A2C37A0AF0037E581 /* ContentView.swift in Sources */,
				FAA244BE2C70611000CE3E2C /* InfoRow.swift in Sources */,
				FAA244A82C705E7C00CE3E2C /* ImageSelectionTools.swift in Sources */,
				FABC40082C37A0AF0037E581 /* FROC5App.swift in Sources */,
				FAA244A32C705DFF00CE3E2C /* CommentsView.swift in Sources */,
				FAA244872C70597400CE3E2C /* PostStore.swift in Sources */,
				FAA244B62C70607E00CE3E2C /* DismissingKeyboardView.swift in Sources */,
				FAA244CC2C70626400CE3E2C /* CountdownTimerView.swift in Sources */,
				FAA244792C7054E900CE3E2C /* SignInView.swift in Sources */,
				FAA2449E2C705CE000CE3E2C /* MyClosetView.swift in Sources */,
				FAA244B42C70604D00CE3E2C /* PostDataView.swift in Sources */,
				FAA244802C70572F00CE3E2C /* NotificationManager.swift in Sources */,
				FAA244CE2C70627D00CE3E2C /* AdminApprovalView.swift in Sources */,
				FAA2449C2C705C9F00CE3E2C /* PostView.swift in Sources */,
				FAA2447D2C70560500CE3E2C /* SignUpView.swift in Sources */,
				FAA2448A2C7059AF00CE3E2C /* ViewClosetView.swift in Sources */,
				FAA244C52C7061CA00CE3E2C /* FulfillmentView.swift in Sources */,
				FAA244AA2C705EA900CE3E2C /* notification.swift in Sources */,
				FAA2448F2C705A4800CE3E2C /* SearchView.swift in Sources */,
				FAA244962C705BA400CE3E2C /* post.swift in Sources */,
				FAA244852C70590500CE3E2C /* UserStore.swift in Sources */,
				FAA244C32C7061A800CE3E2C /* ReturnItemView.swift in Sources */,
				FAA244AF2C705FAF00CE3E2C /* ZoomableImageView.swift in Sources */,
				FAA244C02C70613B00CE3E2C /* FollowersListView.swift in Sources */,
				FAA2449A2C705C4A00CE3E2C /* user.swift in Sources */,
				FAA244BA2C7060C700CE3E2C /* PrivacyPolicyView.swift in Sources */,
				FAA244832C7058AE00CE3E2C /* SessionStore.swift in Sources */,
				FAA244C72C7061EA00CE3E2C /* ShippingPaymentView.swift in Sources */,
				FAA244A12C705DE000CE3E2C /* PostDetailView.swift in Sources */,
				FAA244C92C70622E00CE3E2C /* BuyerOrRenterNotificationView.swift in Sources */,
				FAA244AD2C705F7B00CE3E2C /* NotificationsView.swift in Sources */,
				FAA244772C70493000CE3E2C /* AuthenticationView.swift in Sources */,
				FAA2448C2C705A0C00CE3E2C /* UserClosetView.swift in Sources */,
			);
			runOnlyForDeploymentPostprocessing = 0;
		};
/* End PBXSourcesBuildPhase section */

/* Begin XCBuildConfiguration section */
		FABC40102C37A0B00037E581 /* Debug */ = {
			isa = XCBuildConfiguration;
			buildSettings = {
				ALWAYS_SEARCH_USER_PATHS = NO;
				ASSETCATALOG_COMPILER_GENERATE_SWIFT_ASSET_SYMBOL_EXTENSIONS = YES;
				CLANG_ANALYZER_NONNULL = YES;
				CLANG_ANALYZER_NUMBER_OBJECT_CONVERSION = YES_AGGRESSIVE;
				CLANG_CXX_LANGUAGE_STANDARD = "gnu++20";
				CLANG_ENABLE_MODULES = YES;
				CLANG_ENABLE_OBJC_ARC = YES;
				CLANG_ENABLE_OBJC_WEAK = YES;
				CLANG_WARN_BLOCK_CAPTURE_AUTORELEASING = YES;
				CLANG_WARN_BOOL_CONVERSION = YES;
				CLANG_WARN_COMMA = YES;
				CLANG_WARN_CONSTANT_CONVERSION = YES;
				CLANG_WARN_DEPRECATED_OBJC_IMPLEMENTATIONS = YES;
				CLANG_WARN_DIRECT_OBJC_ISA_USAGE = YES_ERROR;
				CLANG_WARN_DOCUMENTATION_COMMENTS = YES;
				CLANG_WARN_EMPTY_BODY = YES;
				CLANG_WARN_ENUM_CONVERSION = YES;
				CLANG_WARN_INFINITE_RECURSION = YES;
				CLANG_WARN_INT_CONVERSION = YES;
				CLANG_WARN_NON_LITERAL_NULL_CONVERSION = YES;
				CLANG_WARN_OBJC_IMPLICIT_RETAIN_SELF = YES;
				CLANG_WARN_OBJC_LITERAL_CONVERSION = YES;
				CLANG_WARN_OBJC_ROOT_CLASS = YES_ERROR;
				CLANG_WARN_QUOTED_INCLUDE_IN_FRAMEWORK_HEADER = YES;
				CLANG_WARN_RANGE_LOOP_ANALYSIS = YES;
				CLANG_WARN_STRICT_PROTOTYPES = YES;
				CLANG_WARN_SUSPICIOUS_MOVE = YES;
				CLANG_WARN_UNGUARDED_AVAILABILITY = YES_AGGRESSIVE;
				CLANG_WARN_UNREACHABLE_CODE = YES;
				CLANG_WARN__DUPLICATE_METHOD_MATCH = YES;
				COPY_PHASE_STRIP = NO;
				DEBUG_INFORMATION_FORMAT = dwarf;
				ENABLE_STRICT_OBJC_MSGSEND = YES;
				ENABLE_TESTABILITY = YES;
				ENABLE_USER_SCRIPT_SANDBOXING = YES;
				GCC_C_LANGUAGE_STANDARD = gnu17;
				GCC_DYNAMIC_NO_PIC = NO;
				GCC_NO_COMMON_BLOCKS = YES;
				GCC_OPTIMIZATION_LEVEL = 0;
				GCC_PREPROCESSOR_DEFINITIONS = (
					"DEBUG=1",
					"$(inherited)",
				);
				GCC_WARN_64_TO_32_BIT_CONVERSION = YES;
				GCC_WARN_ABOUT_RETURN_TYPE = YES_ERROR;
				GCC_WARN_UNDECLARED_SELECTOR = YES;
				GCC_WARN_UNINITIALIZED_AUTOS = YES_AGGRESSIVE;
				GCC_WARN_UNUSED_FUNCTION = YES;
				GCC_WARN_UNUSED_VARIABLE = YES;
				IPHONEOS_DEPLOYMENT_TARGET = 17.5;
				LOCALIZATION_PREFERS_STRING_CATALOGS = YES;
				MTL_ENABLE_DEBUG_INFO = INCLUDE_SOURCE;
				MTL_FAST_MATH = YES;
				ONLY_ACTIVE_ARCH = YES;
				SDKROOT = iphoneos;
				SWIFT_ACTIVE_COMPILATION_CONDITIONS = "DEBUG $(inherited)";
				SWIFT_OPTIMIZATION_LEVEL = "-Onone";
			};
			name = Debug;
		};
		FABC40112C37A0B00037E581 /* Release */ = {
			isa = XCBuildConfiguration;
			buildSettings = {
				ALWAYS_SEARCH_USER_PATHS = NO;
				ASSETCATALOG_COMPILER_GENERATE_SWIFT_ASSET_SYMBOL_EXTENSIONS = YES;
				CLANG_ANALYZER_NONNULL = YES;
				CLANG_ANALYZER_NUMBER_OBJECT_CONVERSION = YES_AGGRESSIVE;
				CLANG_CXX_LANGUAGE_STANDARD = "gnu++20";
				CLANG_ENABLE_MODULES = YES;
				CLANG_ENABLE_OBJC_ARC = YES;
				CLANG_ENABLE_OBJC_WEAK = YES;
				CLANG_WARN_BLOCK_CAPTURE_AUTORELEASING = YES;
				CLANG_WARN_BOOL_CONVERSION = YES;
				CLANG_WARN_COMMA = YES;
				CLANG_WARN_CONSTANT_CONVERSION = YES;
				CLANG_WARN_DEPRECATED_OBJC_IMPLEMENTATIONS = YES;
				CLANG_WARN_DIRECT_OBJC_ISA_USAGE = YES_ERROR;
				CLANG_WARN_DOCUMENTATION_COMMENTS = YES;
				CLANG_WARN_EMPTY_BODY = YES;
				CLANG_WARN_ENUM_CONVERSION = YES;
				CLANG_WARN_INFINITE_RECURSION = YES;
				CLANG_WARN_INT_CONVERSION = YES;
				CLANG_WARN_NON_LITERAL_NULL_CONVERSION = YES;
				CLANG_WARN_OBJC_IMPLICIT_RETAIN_SELF = YES;
				CLANG_WARN_OBJC_LITERAL_CONVERSION = YES;
				CLANG_WARN_OBJC_ROOT_CLASS = YES_ERROR;
				CLANG_WARN_QUOTED_INCLUDE_IN_FRAMEWORK_HEADER = YES;
				CLANG_WARN_RANGE_LOOP_ANALYSIS = YES;
				CLANG_WARN_STRICT_PROTOTYPES = YES;
				CLANG_WARN_SUSPICIOUS_MOVE = YES;
				CLANG_WARN_UNGUARDED_AVAILABILITY = YES_AGGRESSIVE;
				CLANG_WARN_UNREACHABLE_CODE = YES;
				CLANG_WARN__DUPLICATE_METHOD_MATCH = YES;
				COPY_PHASE_STRIP = NO;
				DEBUG_INFORMATION_FORMAT = "dwarf-with-dsym";
				ENABLE_NS_ASSERTIONS = NO;
				ENABLE_STRICT_OBJC_MSGSEND = YES;
				ENABLE_USER_SCRIPT_SANDBOXING = YES;
				GCC_C_LANGUAGE_STANDARD = gnu17;
				GCC_NO_COMMON_BLOCKS = YES;
				GCC_WARN_64_TO_32_BIT_CONVERSION = YES;
				GCC_WARN_ABOUT_RETURN_TYPE = YES_ERROR;
				GCC_WARN_UNDECLARED_SELECTOR = YES;
				GCC_WARN_UNINITIALIZED_AUTOS = YES_AGGRESSIVE;
				GCC_WARN_UNUSED_FUNCTION = YES;
				GCC_WARN_UNUSED_VARIABLE = YES;
				IPHONEOS_DEPLOYMENT_TARGET = 17.5;
				LOCALIZATION_PREFERS_STRING_CATALOGS = YES;
				MTL_ENABLE_DEBUG_INFO = NO;
				MTL_FAST_MATH = YES;
				SDKROOT = iphoneos;
				SWIFT_COMPILATION_MODE = wholemodule;
				VALIDATE_PRODUCT = YES;
			};
			name = Release;
		};
		FABC40132C37A0B00037E581 /* Debug */ = {
			isa = XCBuildConfiguration;
			buildSettings = {
				ASSETCATALOG_COMPILER_APPICON_NAME = AppIcon;
				ASSETCATALOG_COMPILER_GLOBAL_ACCENT_COLOR_NAME = AccentColor;
				CODE_SIGN_ENTITLEMENTS = FROC5/FROC5.entitlements;
				CODE_SIGN_STYLE = Automatic;
				CURRENT_PROJECT_VERSION = 1.02;
				DEVELOPMENT_ASSET_PATHS = "\"FROC5/Preview Content\"";
				DEVELOPMENT_TEAM = 7Q3SKCVD26;
				ENABLE_PREVIEWS = YES;
				GENERATE_INFOPLIST_FILE = YES;
				INFOPLIST_FILE = FROC5/Info.plist;
				INFOPLIST_KEY_CFBundleDisplayName = FROC;
				INFOPLIST_KEY_UIApplicationSceneManifest_Generation = YES;
				INFOPLIST_KEY_UIApplicationSupportsIndirectInputEvents = YES;
				INFOPLIST_KEY_UILaunchScreen_Generation = YES;
				INFOPLIST_KEY_UISupportedInterfaceOrientations = "UIInterfaceOrientationLandscapeLeft UIInterfaceOrientationLandscapeRight UIInterfaceOrientationPortrait";
				INFOPLIST_KEY_UISupportedInterfaceOrientations_iPad = "UIInterfaceOrientationPortrait UIInterfaceOrientationPortraitUpsideDown UIInterfaceOrientationLandscapeLeft UIInterfaceOrientationLandscapeRight";
				LD_RUNPATH_SEARCH_PATHS = (
					"$(inherited)",
					"@executable_path/Frameworks",
				);
				MARKETING_VERSION = 1.02;
				PRODUCT_BUNDLE_IDENTIFIER = Anshul.FROC5;
				PRODUCT_NAME = "$(TARGET_NAME)";
				SWIFT_EMIT_LOC_STRINGS = YES;
				SWIFT_VERSION = 5.0;
				TARGETED_DEVICE_FAMILY = "1,2";
			};
			name = Debug;
		};
		FABC40142C37A0B00037E581 /* Release */ = {
			isa = XCBuildConfiguration;
			buildSettings = {
				ASSETCATALOG_COMPILER_APPICON_NAME = AppIcon;
				ASSETCATALOG_COMPILER_GLOBAL_ACCENT_COLOR_NAME = AccentColor;
				CODE_SIGN_ENTITLEMENTS = FROC5/FROC5.entitlements;
				CODE_SIGN_STYLE = Automatic;
				CURRENT_PROJECT_VERSION = 1.02;
				DEVELOPMENT_ASSET_PATHS = "\"FROC5/Preview Content\"";
				DEVELOPMENT_TEAM = 7Q3SKCVD26;
				ENABLE_PREVIEWS = YES;
				GENERATE_INFOPLIST_FILE = YES;
				INFOPLIST_FILE = FROC5/Info.plist;
				INFOPLIST_KEY_CFBundleDisplayName = FROC;
				INFOPLIST_KEY_UIApplicationSceneManifest_Generation = YES;
				INFOPLIST_KEY_UIApplicationSupportsIndirectInputEvents = YES;
				INFOPLIST_KEY_UILaunchScreen_Generation = YES;
				INFOPLIST_KEY_UISupportedInterfaceOrientations = "UIInterfaceOrientationLandscapeLeft UIInterfaceOrientationLandscapeRight UIInterfaceOrientationPortrait";
				INFOPLIST_KEY_UISupportedInterfaceOrientations_iPad = "UIInterfaceOrientationPortrait UIInterfaceOrientationPortraitUpsideDown UIInterfaceOrientationLandscapeLeft UIInterfaceOrientationLandscapeRight";
				LD_RUNPATH_SEARCH_PATHS = (
					"$(inherited)",
					"@executable_path/Frameworks",
				);
				MARKETING_VERSION = 1.02;
				PRODUCT_BUNDLE_IDENTIFIER = Anshul.FROC5;
				PRODUCT_NAME = "$(TARGET_NAME)";
				SWIFT_EMIT_LOC_STRINGS = YES;
				SWIFT_VERSION = 5.0;
				TARGETED_DEVICE_FAMILY = "1,2";
			};
			name = Release;
		};
/* End XCBuildConfiguration section */

/* Begin XCConfigurationList section */
		FABC3FFF2C37A0AF0037E581 /* Build configuration list for PBXProject "FROC5" */ = {
			isa = XCConfigurationList;
			buildConfigurations = (
				FABC40102C37A0B00037E581 /* Debug */,
				FABC40112C37A0B00037E581 /* Release */,
			);
			defaultConfigurationIsVisible = 0;
			defaultConfigurationName = Release;
		};
		FABC40122C37A0B00037E581 /* Build configuration list for PBXNativeTarget "FROC5" */ = {
			isa = XCConfigurationList;
			buildConfigurations = (
				FABC40132C37A0B00037E581 /* Debug */,
				FABC40142C37A0B00037E581 /* Release */,
			);
			defaultConfigurationIsVisible = 0;
			defaultConfigurationName = Release;
		};
/* End XCConfigurationList section */

/* Begin XCRemoteSwiftPackageReference section */
		FAA670C22C5C709E005B625F /* XCRemoteSwiftPackageReference "google-api-swift-client" */ = {
			isa = XCRemoteSwiftPackageReference;
			repositoryURL = "https://github.com/googleapis/google-api-swift-client.git";
			requirement = {
				branch = main;
				kind = branch;
			};
		};
		FAA670C72C5D41B8005B625F /* XCRemoteSwiftPackageReference "google-auth-library-swift" */ = {
			isa = XCRemoteSwiftPackageReference;
			repositoryURL = "https://github.com/googleapis/google-auth-library-swift.git";
			requirement = {
				kind = upToNextMajorVersion;
				minimumVersion = 0.5.3;
			};
		};
		FAA670D02C5D464B005B625F /* XCRemoteSwiftPackageReference "jwt-kit" */ = {
			isa = XCRemoteSwiftPackageReference;
			repositoryURL = "https://github.com/vapor/jwt-kit";
			requirement = {
				kind = upToNextMajorVersion;
				minimumVersion = 4.13.4;
			};
		};
		FABC40172C37A24D0037E581 /* XCRemoteSwiftPackageReference "firebase-ios-sdk" */ = {
			isa = XCRemoteSwiftPackageReference;
			repositoryURL = "https://github.com/firebase/firebase-ios-sdk";
			requirement = {
				kind = upToNextMajorVersion;
				minimumVersion = 10.28.1;
			};
		};
		FABC40262C399E880037E581 /* XCRemoteSwiftPackageReference "TOCropViewController" */ = {
			isa = XCRemoteSwiftPackageReference;
			repositoryURL = "https://github.com/TimOliver/TOCropViewController";
			requirement = {
				kind = upToNextMajorVersion;
				minimumVersion = 2.7.4;
			};
		};
/* End XCRemoteSwiftPackageReference section */

/* Begin XCSwiftPackageProductDependency section */
		FA5139702C4DA4FA00C38C31 /* FirebaseMessaging */ = {
			isa = XCSwiftPackageProductDependency;
			package = FABC40172C37A24D0037E581 /* XCRemoteSwiftPackageReference "firebase-ios-sdk" */;
			productName = FirebaseMessaging;
		};
		FAA670C32C5C709E005B625F /* Discovery */ = {
			isa = XCSwiftPackageProductDependency;
			package = FAA670C22C5C709E005B625F /* XCRemoteSwiftPackageReference "google-api-swift-client" */;
			productName = Discovery;
		};
		FAA670C52C5C709E005B625F /* GoogleAPIRuntime */ = {
			isa = XCSwiftPackageProductDependency;
			package = FAA670C22C5C709E005B625F /* XCRemoteSwiftPackageReference "google-api-swift-client" */;
			productName = GoogleAPIRuntime;
		};
		FAA670C82C5D41B8005B625F /* OAuth1 */ = {
			isa = XCSwiftPackageProductDependency;
			package = FAA670C72C5D41B8005B625F /* XCRemoteSwiftPackageReference "google-auth-library-swift" */;
			productName = OAuth1;
		};
		FAA670CA2C5D41B8005B625F /* OAuth2 */ = {
			isa = XCSwiftPackageProductDependency;
			package = FAA670C72C5D41B8005B625F /* XCRemoteSwiftPackageReference "google-auth-library-swift" */;
			productName = OAuth2;
		};
		FAA670CC2C5D41B8005B625F /* SwiftyBase64 */ = {
			isa = XCSwiftPackageProductDependency;
			package = FAA670C72C5D41B8005B625F /* XCRemoteSwiftPackageReference "google-auth-library-swift" */;
			productName = SwiftyBase64;
		};
		FAA670CE2C5D41B8005B625F /* TinyHTTPServer */ = {
			isa = XCSwiftPackageProductDependency;
			package = FAA670C72C5D41B8005B625F /* XCRemoteSwiftPackageReference "google-auth-library-swift" */;
			productName = TinyHTTPServer;
		};
		FAA670D12C5D464B005B625F /* JWTKit */ = {
			isa = XCSwiftPackageProductDependency;
			package = FAA670D02C5D464B005B625F /* XCRemoteSwiftPackageReference "jwt-kit" */;
			productName = JWTKit;
		};
		FABC40182C37A24D0037E581 /* FirebaseAnalytics */ = {
			isa = XCSwiftPackageProductDependency;
			package = FABC40172C37A24D0037E581 /* XCRemoteSwiftPackageReference "firebase-ios-sdk" */;
			productName = FirebaseAnalytics;
		};
		FABC401A2C37A24D0037E581 /* FirebaseAnalyticsSwift */ = {
			isa = XCSwiftPackageProductDependency;
			package = FABC40172C37A24D0037E581 /* XCRemoteSwiftPackageReference "firebase-ios-sdk" */;
			productName = FirebaseAnalyticsSwift;
		};
		FABC401C2C37A36C0037E581 /* FirebaseAuth */ = {
			isa = XCSwiftPackageProductDependency;
			package = FABC40172C37A24D0037E581 /* XCRemoteSwiftPackageReference "firebase-ios-sdk" */;
			productName = FirebaseAuth;
		};
		FABC40202C3836CF0037E581 /* FirebaseFirestore */ = {
			isa = XCSwiftPackageProductDependency;
			package = FABC40172C37A24D0037E581 /* XCRemoteSwiftPackageReference "firebase-ios-sdk" */;
			productName = FirebaseFirestore;
		};
		FABC40242C38EC6E0037E581 /* FirebaseStorage */ = {
			isa = XCSwiftPackageProductDependency;
			package = FABC40172C37A24D0037E581 /* XCRemoteSwiftPackageReference "firebase-ios-sdk" */;
			productName = FirebaseStorage;
		};
		FABC40272C399E880037E581 /* CropViewController */ = {
			isa = XCSwiftPackageProductDependency;
			package = FABC40262C399E880037E581 /* XCRemoteSwiftPackageReference "TOCropViewController" */;
			productName = CropViewController;
		};
		FABC40292C399E880037E581 /* TOCropViewController */ = {
			isa = XCSwiftPackageProductDependency;
			package = FABC40262C399E880037E581 /* XCRemoteSwiftPackageReference "TOCropViewController" */;
			productName = TOCropViewController;
		};
/* End XCSwiftPackageProductDependency section */
	};
	rootObject = FABC3FFC2C37A0AF0037E581 /* Project object */;
}
