// !$*UTF8*$!
{
	archiveVersion = 1;
	classes = {
	};
	objectVersion = 56;
	objects = {

/* Begin PBXBuildFile section */
		FABC40082C37A0AF0037E581 /* FROC5App.swift in Sources */ = {isa = PBXBuildFile; fileRef = FABC40072C37A0AF0037E581 /* FROC5App.swift */; };
		FABC400A2C37A0AF0037E581 /* ContentView.swift in Sources */ = {isa = PBXBuildFile; fileRef = FABC40092C37A0AF0037E581 /* ContentView.swift */; };
		FABC400C2C37A0B00037E581 /* Assets.xcassets in Resources */ = {isa = PBXBuildFile; fileRef = FABC400B2C37A0B00037E581 /* Assets.xcassets */; };
		FABC400F2C37A0B00037E581 /* Preview Assets.xcassets in Resources */ = {isa = PBXBuildFile; fileRef = FABC400E2C37A0B00037E581 /* Preview Assets.xcassets */; };
		FABC40192C37A24D0037E581 /* FirebaseAnalytics in Frameworks */ = {isa = PBXBuildFile; productRef = FABC40182C37A24D0037E581 /* FirebaseAnalytics */; };
		FABC401B2C37A24D0037E581 /* FirebaseAnalyticsSwift in Frameworks */ = {isa = PBXBuildFile; productRef = FABC401A2C37A24D0037E581 /* FirebaseAnalyticsSwift */; };
		FABC401D2C37A36C0037E581 /* FirebaseAuth in Frameworks */ = {isa = PBXBuildFile; productRef = FABC401C2C37A36C0037E581 /* FirebaseAuth */; };
		FABC401F2C37A8A10037E581 /* GoogleService-Info.plist in Resources */ = {isa = PBXBuildFile; fileRef = FABC401E2C37A8A10037E581 /* GoogleService-Info.plist */; };
		FABC40212C3836CF0037E581 /* FirebaseFirestore in Frameworks */ = {isa = PBXBuildFile; productRef = FABC40202C3836CF0037E581 /* FirebaseFirestore */; };
		FABC40252C38EC6E0037E581 /* FirebaseStorage in Frameworks */ = {isa = PBXBuildFile; productRef = FABC40242C38EC6E0037E581 /* FirebaseStorage */; };
		FABC40282C399E880037E581 /* CropViewController in Frameworks */ = {isa = PBXBuildFile; productRef = FABC40272C399E880037E581 /* CropViewController */; };
		FABC402A2C399E880037E581 /* TOCropViewController in Frameworks */ = {isa = PBXBuildFile; productRef = FABC40292C399E880037E581 /* TOCropViewController */; };
/* End PBXBuildFile section */

/* Begin PBXFileReference section */
		FABC40042C37A0AF0037E581 /* FROC5.app */ = {isa = PBXFileReference; explicitFileType = wrapper.application; includeInIndex = 0; path = FROC5.app; sourceTree = BUILT_PRODUCTS_DIR; };
		FABC40072C37A0AF0037E581 /* FROC5App.swift */ = {isa = PBXFileReference; lastKnownFileType = sourcecode.swift; path = FROC5App.swift; sourceTree = "<group>"; };
		FABC40092C37A0AF0037E581 /* ContentView.swift */ = {isa = PBXFileReference; lastKnownFileType = sourcecode.swift; path = ContentView.swift; sourceTree = "<group>"; };
		FABC400B2C37A0B00037E581 /* Assets.xcassets */ = {isa = PBXFileReference; lastKnownFileType = folder.assetcatalog; path = Assets.xcassets; sourceTree = "<group>"; };
		FABC400E2C37A0B00037E581 /* Preview Assets.xcassets */ = {isa = PBXFileReference; lastKnownFileType = folder.assetcatalog; path = "Preview Assets.xcassets"; sourceTree = "<group>"; };
		FABC401E2C37A8A10037E581 /* GoogleService-Info.plist */ = {isa = PBXFileReference; fileEncoding = 4; lastKnownFileType = text.plist.xml; path = "GoogleService-Info.plist"; sourceTree = "<group>"; };
		FABC40222C389ADC0037E581 /* Info.plist */ = {isa = PBXFileReference; lastKnownFileType = text.plist; path = Info.plist; sourceTree = "<group>"; };
/* End PBXFileReference section */

/* Begin PBXFrameworksBuildPhase section */
		FABC40012C37A0AF0037E581 /* Frameworks */ = {
			isa = PBXFrameworksBuildPhase;
			buildActionMask = 2147483647;
			files = (
				FABC401B2C37A24D0037E581 /* FirebaseAnalyticsSwift in Frameworks */,
				FABC40212C3836CF0037E581 /* FirebaseFirestore in Frameworks */,
				FABC402A2C399E880037E581 /* TOCropViewController in Frameworks */,
				FABC401D2C37A36C0037E581 /* FirebaseAuth in Frameworks */,
				FABC40252C38EC6E0037E581 /* FirebaseStorage in Frameworks */,
				FABC40192C37A24D0037E581 /* FirebaseAnalytics in Frameworks */,
				FABC40282C399E880037E581 /* CropViewController in Frameworks */,
			);
			runOnlyForDeploymentPostprocessing = 0;
		};
/* End PBXFrameworksBuildPhase section */

/* Begin PBXGroup section */
		FABC3FFB2C37A0AF0037E581 = {
			isa = PBXGroup;
			children = (
				FABC40062C37A0AF0037E581 /* FROC5 */,
				FABC40052C37A0AF0037E581 /* Products */,
				FABC40232C38EC6E0037E581 /* Frameworks */,
			);
			sourceTree = "<group>";
		};
		FABC40052C37A0AF0037E581 /* Products */ = {
			isa = PBXGroup;
			children = (
				FABC40042C37A0AF0037E581 /* FROC5.app */,
			);
			name = Products;
			sourceTree = "<group>";
		};
		FABC40062C37A0AF0037E581 /* FROC5 */ = {
			isa = PBXGroup;
			children = (
				FABC40222C389ADC0037E581 /* Info.plist */,
				FABC40072C37A0AF0037E581 /* FROC5App.swift */,
				FABC40092C37A0AF0037E581 /* ContentView.swift */,
				FABC400B2C37A0B00037E581 /* Assets.xcassets */,
				FABC401E2C37A8A10037E581 /* GoogleService-Info.plist */,
				FABC400D2C37A0B00037E581 /* Preview Content */,
			);
			path = FROC5;
			sourceTree = "<group>";
		};
		FABC400D2C37A0B00037E581 /* Preview Content */ = {
			isa = PBXGroup;
			children = (
				FABC400E2C37A0B00037E581 /* Preview Assets.xcassets */,
			);
			path = "Preview Content";
			sourceTree = "<group>";
		};
		FABC40232C38EC6E0037E581 /* Frameworks */ = {
			isa = PBXGroup;
			children = (
			);
			name = Frameworks;
			sourceTree = "<group>";
		};
/* End PBXGroup section */

/* Begin PBXNativeTarget section */
		FABC40032C37A0AF0037E581 /* FROC5 */ = {
			isa = PBXNativeTarget;
			buildConfigurationList = FABC40122C37A0B00037E581 /* Build configuration list for PBXNativeTarget "FROC5" */;
			buildPhases = (
				FABC40002C37A0AF0037E581 /* Sources */,
				FABC40012C37A0AF0037E581 /* Frameworks */,
				FABC40022C37A0AF0037E581 /* Resources */,
			);
			buildRules = (
			);
			dependencies = (
			);
			name = FROC5;
			packageProductDependencies = (
				FABC40182C37A24D0037E581 /* FirebaseAnalytics */,
				FABC401A2C37A24D0037E581 /* FirebaseAnalyticsSwift */,
				FABC401C2C37A36C0037E581 /* FirebaseAuth */,
				FABC40202C3836CF0037E581 /* FirebaseFirestore */,
				FABC40242C38EC6E0037E581 /* FirebaseStorage */,
				FABC40272C399E880037E581 /* CropViewController */,
				FABC40292C399E880037E581 /* TOCropViewController */,
			);
			productName = FROC5;
			productReference = FABC40042C37A0AF0037E581 /* FROC5.app */;
			productType = "com.apple.product-type.application";
		};
/* End PBXNativeTarget section */

/* Begin PBXProject section */
		FABC3FFC2C37A0AF0037E581 /* Project object */ = {
			isa = PBXProject;
			attributes = {
				BuildIndependentTargetsInParallel = 1;
				LastSwiftUpdateCheck = 1540;
				LastUpgradeCheck = 1540;
				TargetAttributes = {
					FABC40032C37A0AF0037E581 = {
						CreatedOnToolsVersion = 15.4;
					};
				};
			};
			buildConfigurationList = FABC3FFF2C37A0AF0037E581 /* Build configuration list for PBXProject "FROC5" */;
			compatibilityVersion = "Xcode 14.0";
			developmentRegion = en;
			hasScannedForEncodings = 0;
			knownRegions = (
				en,
				Base,
			);
			mainGroup = FABC3FFB2C37A0AF0037E581;
			packageReferences = (
				FABC40172C37A24D0037E581 /* XCRemoteSwiftPackageReference "firebase-ios-sdk" */,
				FABC40262C399E880037E581 /* XCRemoteSwiftPackageReference "TOCropViewController" */,
			);
			productRefGroup = FABC40052C37A0AF0037E581 /* Products */;
			projectDirPath = "";
			projectRoot = "";
			targets = (
				FABC40032C37A0AF0037E581 /* FROC5 */,
			);
		};
/* End PBXProject section */

/* Begin PBXResourcesBuildPhase section */
		FABC40022C37A0AF0037E581 /* Resources */ = {
			isa = PBXResourcesBuildPhase;
			buildActionMask = 2147483647;
			files = (
				FABC400F2C37A0B00037E581 /* Preview Assets.xcassets in Resources */,
				FABC401F2C37A8A10037E581 /* GoogleService-Info.plist in Resources */,
				FABC400C2C37A0B00037E581 /* Assets.xcassets in Resources */,
			);
			runOnlyForDeploymentPostprocessing = 0;
		};
/* End PBXResourcesBuildPhase section */

/* Begin PBXSourcesBuildPhase section */
		FABC40002C37A0AF0037E581 /* Sources */ = {
			isa = PBXSourcesBuildPhase;
			buildActionMask = 2147483647;
			files = (
				FABC400A2C37A0AF0037E581 /* ContentView.swift in Sources */,
				FABC40082C37A0AF0037E581 /* FROC5App.swift in Sources */,
			);
			runOnlyForDeploymentPostprocessing = 0;
		};
/* End PBXSourcesBuildPhase section */

/* Begin XCBuildConfiguration section */
		FABC40102C37A0B00037E581 /* Debug */ = {
			isa = XCBuildConfiguration;
			buildSettings = {
				ALWAYS_SEARCH_USER_PATHS = NO;
				ASSETCATALOG_COMPILER_GENERATE_SWIFT_ASSET_SYMBOL_EXTENSIONS = YES;
				CLANG_ANALYZER_NONNULL = YES;
				CLANG_ANALYZER_NUMBER_OBJECT_CONVERSION = YES_AGGRESSIVE;
				CLANG_CXX_LANGUAGE_STANDARD = "gnu++20";
				CLANG_ENABLE_MODULES = YES;
				CLANG_ENABLE_OBJC_ARC = YES;
				CLANG_ENABLE_OBJC_WEAK = YES;
				CLANG_WARN_BLOCK_CAPTURE_AUTORELEASING = YES;
				CLANG_WARN_BOOL_CONVERSION = YES;
				CLANG_WARN_COMMA = YES;
				CLANG_WARN_CONSTANT_CONVERSION = YES;
				CLANG_WARN_DEPRECATED_OBJC_IMPLEMENTATIONS = YES;
				CLANG_WARN_DIRECT_OBJC_ISA_USAGE = YES_ERROR;
				CLANG_WARN_DOCUMENTATION_COMMENTS = YES;
				CLANG_WARN_EMPTY_BODY = YES;
				CLANG_WARN_ENUM_CONVERSION = YES;
				CLANG_WARN_INFINITE_RECURSION = YES;
				CLANG_WARN_INT_CONVERSION = YES;
				CLANG_WARN_NON_LITERAL_NULL_CONVERSION = YES;
				CLANG_WARN_OBJC_IMPLICIT_RETAIN_SELF = YES;
				CLANG_WARN_OBJC_LITERAL_CONVERSION = YES;
				CLANG_WARN_OBJC_ROOT_CLASS = YES_ERROR;
				CLANG_WARN_QUOTED_INCLUDE_IN_FRAMEWORK_HEADER = YES;
				CLANG_WARN_RANGE_LOOP_ANALYSIS = YES;
				CLANG_WARN_STRICT_PROTOTYPES = YES;
				CLANG_WARN_SUSPICIOUS_MOVE = YES;
				CLANG_WARN_UNGUARDED_AVAILABILITY = YES_AGGRESSIVE;
				CLANG_WARN_UNREACHABLE_CODE = YES;
				CLANG_WARN__DUPLICATE_METHOD_MATCH = YES;
				COPY_PHASE_STRIP = NO;
				DEBUG_INFORMATION_FORMAT = dwarf;
				ENABLE_STRICT_OBJC_MSGSEND = YES;
				ENABLE_TESTABILITY = YES;
				ENABLE_USER_SCRIPT_SANDBOXING = YES;
				GCC_C_LANGUAGE_STANDARD = gnu17;
				GCC_DYNAMIC_NO_PIC = NO;
				GCC_NO_COMMON_BLOCKS = YES;
				GCC_OPTIMIZATION_LEVEL = 0;
				GCC_PREPROCESSOR_DEFINITIONS = (
					"DEBUG=1",
					"$(inherited)",
				);
				GCC_WARN_64_TO_32_BIT_CONVERSION = YES;
				GCC_WARN_ABOUT_RETURN_TYPE = YES_ERROR;
				GCC_WARN_UNDECLARED_SELECTOR = YES;
				GCC_WARN_UNINITIALIZED_AUTOS = YES_AGGRESSIVE;
				GCC_WARN_UNUSED_FUNCTION = YES;
				GCC_WARN_UNUSED_VARIABLE = YES;
				IPHONEOS_DEPLOYMENT_TARGET = 17.5;
				LOCALIZATION_PREFERS_STRING_CATALOGS = YES;
				MTL_ENABLE_DEBUG_INFO = INCLUDE_SOURCE;
				MTL_FAST_MATH = YES;
				ONLY_ACTIVE_ARCH = YES;
				SDKROOT = iphoneos;
				SWIFT_ACTIVE_COMPILATION_CONDITIONS = "DEBUG $(inherited)";
				SWIFT_OPTIMIZATION_LEVEL = "-Onone";
			};
			name = Debug;
		};
		FABC40112C37A0B00037E581 /* Release */ = {
			isa = XCBuildConfiguration;
			buildSettings = {
				ALWAYS_SEARCH_USER_PATHS = NO;
				ASSETCATALOG_COMPILER_GENERATE_SWIFT_ASSET_SYMBOL_EXTENSIONS = YES;
				CLANG_ANALYZER_NONNULL = YES;
				CLANG_ANALYZER_NUMBER_OBJECT_CONVERSION = YES_AGGRESSIVE;
				CLANG_CXX_LANGUAGE_STANDARD = "gnu++20";
				CLANG_ENABLE_MODULES = YES;
				CLANG_ENABLE_OBJC_ARC = YES;
				CLANG_ENABLE_OBJC_WEAK = YES;
				CLANG_WARN_BLOCK_CAPTURE_AUTORELEASING = YES;
				CLANG_WARN_BOOL_CONVERSION = YES;
				CLANG_WARN_COMMA = YES;
				CLANG_WARN_CONSTANT_CONVERSION = YES;
				CLANG_WARN_DEPRECATED_OBJC_IMPLEMENTATIONS = YES;
				CLANG_WARN_DIRECT_OBJC_ISA_USAGE = YES_ERROR;
				CLANG_WARN_DOCUMENTATION_COMMENTS = YES;
				CLANG_WARN_EMPTY_BODY = YES;
				CLANG_WARN_ENUM_CONVERSION = YES;
				CLANG_WARN_INFINITE_RECURSION = YES;
				CLANG_WARN_INT_CONVERSION = YES;
				CLANG_WARN_NON_LITERAL_NULL_CONVERSION = YES;
				CLANG_WARN_OBJC_IMPLICIT_RETAIN_SELF = YES;
				CLANG_WARN_OBJC_LITERAL_CONVERSION = YES;
				CLANG_WARN_OBJC_ROOT_CLASS = YES_ERROR;
				CLANG_WARN_QUOTED_INCLUDE_IN_FRAMEWORK_HEADER = YES;
				CLANG_WARN_RANGE_LOOP_ANALYSIS = YES;
				CLANG_WARN_STRICT_PROTOTYPES = YES;
				CLANG_WARN_SUSPICIOUS_MOVE = YES;
				CLANG_WARN_UNGUARDED_AVAILABILITY = YES_AGGRESSIVE;
				CLANG_WARN_UNREACHABLE_CODE = YES;
				CLANG_WARN__DUPLICATE_METHOD_MATCH = YES;
				COPY_PHASE_STRIP = NO;
				DEBUG_INFORMATION_FORMAT = "dwarf-with-dsym";
				ENABLE_NS_ASSERTIONS = NO;
				ENABLE_STRICT_OBJC_MSGSEND = YES;
				ENABLE_USER_SCRIPT_SANDBOXING = YES;
				GCC_C_LANGUAGE_STANDARD = gnu17;
				GCC_NO_COMMON_BLOCKS = YES;
				GCC_WARN_64_TO_32_BIT_CONVERSION = YES;
				GCC_WARN_ABOUT_RETURN_TYPE = YES_ERROR;
				GCC_WARN_UNDECLARED_SELECTOR = YES;
				GCC_WARN_UNINITIALIZED_AUTOS = YES_AGGRESSIVE;
				GCC_WARN_UNUSED_FUNCTION = YES;
				GCC_WARN_UNUSED_VARIABLE = YES;
				IPHONEOS_DEPLOYMENT_TARGET = 17.5;
				LOCALIZATION_PREFERS_STRING_CATALOGS = YES;
				MTL_ENABLE_DEBUG_INFO = NO;
				MTL_FAST_MATH = YES;
				SDKROOT = iphoneos;
				SWIFT_COMPILATION_MODE = wholemodule;
				VALIDATE_PRODUCT = YES;
			};
			name = Release;
		};
		FABC40132C37A0B00037E581 /* Debug */ = {
			isa = XCBuildConfiguration;
			buildSettings = {
				ASSETCATALOG_COMPILER_APPICON_NAME = AppIcon;
				ASSETCATALOG_COMPILER_GLOBAL_ACCENT_COLOR_NAME = AccentColor;
				CODE_SIGN_STYLE = Automatic;
				CURRENT_PROJECT_VERSION = 1;
				DEVELOPMENT_ASSET_PATHS = "\"FROC5/Preview Content\"";
				DEVELOPMENT_TEAM = 7Q3SKCVD26;
				ENABLE_PREVIEWS = YES;
				GENERATE_INFOPLIST_FILE = YES;
				INFOPLIST_FILE = FROC5/Info.plist;
				INFOPLIST_KEY_UIApplicationSceneManifest_Generation = YES;
				INFOPLIST_KEY_UIApplicationSupportsIndirectInputEvents = YES;
				INFOPLIST_KEY_UILaunchScreen_Generation = YES;
				INFOPLIST_KEY_UISupportedInterfaceOrientations_iPad = "UIInterfaceOrientationPortrait UIInterfaceOrientationPortraitUpsideDown UIInterfaceOrientationLandscapeLeft UIInterfaceOrientationLandscapeRight";
				INFOPLIST_KEY_UISupportedInterfaceOrientations_iPhone = "UIInterfaceOrientationPortrait UIInterfaceOrientationLandscapeLeft UIInterfaceOrientationLandscapeRight";
				LD_RUNPATH_SEARCH_PATHS = (
					"$(inherited)",
					"@executable_path/Frameworks",
				);
				MARKETING_VERSION = 1.0;
				PRODUCT_BUNDLE_IDENTIFIER = Anshul.FROC5;
				PRODUCT_NAME = "$(TARGET_NAME)";
				SWIFT_EMIT_LOC_STRINGS = YES;
				SWIFT_VERSION = 5.0;
				TARGETED_DEVICE_FAMILY = "1,2";
			};
			name = Debug;
		};
		FABC40142C37A0B00037E581 /* Release */ = {
			isa = XCBuildConfiguration;
			buildSettings = {
				ASSETCATALOG_COMPILER_APPICON_NAME = AppIcon;
				ASSETCATALOG_COMPILER_GLOBAL_ACCENT_COLOR_NAME = AccentColor;
				CODE_SIGN_STYLE = Automatic;
				CURRENT_PROJECT_VERSION = 1;
				DEVELOPMENT_ASSET_PATHS = "\"FROC5/Preview Content\"";
				DEVELOPMENT_TEAM = 7Q3SKCVD26;
				ENABLE_PREVIEWS = YES;
				GENERATE_INFOPLIST_FILE = YES;
				INFOPLIST_FILE = FROC5/Info.plist;
				INFOPLIST_KEY_UIApplicationSceneManifest_Generation = YES;
				INFOPLIST_KEY_UIApplicationSupportsIndirectInputEvents = YES;
				INFOPLIST_KEY_UILaunchScreen_Generation = YES;
				INFOPLIST_KEY_UISupportedInterfaceOrientations_iPad = "UIInterfaceOrientationPortrait UIInterfaceOrientationPortraitUpsideDown UIInterfaceOrientationLandscapeLeft UIInterfaceOrientationLandscapeRight";
				INFOPLIST_KEY_UISupportedInterfaceOrientations_iPhone = "UIInterfaceOrientationPortrait UIInterfaceOrientationLandscapeLeft UIInterfaceOrientationLandscapeRight";
				LD_RUNPATH_SEARCH_PATHS = (
					"$(inherited)",
					"@executable_path/Frameworks",
				);
				MARKETING_VERSION = 1.0;
				PRODUCT_BUNDLE_IDENTIFIER = Anshul.FROC5;
				PRODUCT_NAME = "$(TARGET_NAME)";
				SWIFT_EMIT_LOC_STRINGS = YES;
				SWIFT_VERSION = 5.0;
				TARGETED_DEVICE_FAMILY = "1,2";
			};
			name = Release;
		};
/* End XCBuildConfiguration section */

/* Begin XCConfigurationList section */
		FABC3FFF2C37A0AF0037E581 /* Build configuration list for PBXProject "FROC5" */ = {
			isa = XCConfigurationList;
			buildConfigurations = (
				FABC40102C37A0B00037E581 /* Debug */,
				FABC40112C37A0B00037E581 /* Release */,
			);
			defaultConfigurationIsVisible = 0;
			defaultConfigurationName = Release;
		};
		FABC40122C37A0B00037E581 /* Build configuration list for PBXNativeTarget "FROC5" */ = {
			isa = XCConfigurationList;
			buildConfigurations = (
				FABC40132C37A0B00037E581 /* Debug */,
				FABC40142C37A0B00037E581 /* Release */,
			);
			defaultConfigurationIsVisible = 0;
			defaultConfigurationName = Release;
		};
/* End XCConfigurationList section */

/* Begin XCRemoteSwiftPackageReference section */
		FABC40172C37A24D0037E581 /* XCRemoteSwiftPackageReference "firebase-ios-sdk" */ = {
			isa = XCRemoteSwiftPackageReference;
			repositoryURL = "https://github.com/firebase/firebase-ios-sdk";
			requirement = {
				kind = upToNextMajorVersion;
				minimumVersion = 10.28.1;
			};
		};
		FABC40262C399E880037E581 /* XCRemoteSwiftPackageReference "TOCropViewController" */ = {
			isa = XCRemoteSwiftPackageReference;
			repositoryURL = "https://github.com/TimOliver/TOCropViewController";
			requirement = {
				kind = upToNextMajorVersion;
				minimumVersion = 2.7.4;
			};
		};
/* End XCRemoteSwiftPackageReference section */

/* Begin XCSwiftPackageProductDependency section */
		FABC40182C37A24D0037E581 /* FirebaseAnalytics */ = {
			isa = XCSwiftPackageProductDependency;
			package = FABC40172C37A24D0037E581 /* XCRemoteSwiftPackageReference "firebase-ios-sdk" */;
			productName = FirebaseAnalytics;
		};
		FABC401A2C37A24D0037E581 /* FirebaseAnalyticsSwift */ = {
			isa = XCSwiftPackageProductDependency;
			package = FABC40172C37A24D0037E581 /* XCRemoteSwiftPackageReference "firebase-ios-sdk" */;
			productName = FirebaseAnalyticsSwift;
		};
		FABC401C2C37A36C0037E581 /* FirebaseAuth */ = {
			isa = XCSwiftPackageProductDependency;
			package = FABC40172C37A24D0037E581 /* XCRemoteSwiftPackageReference "firebase-ios-sdk" */;
			productName = FirebaseAuth;
		};
		FABC40202C3836CF0037E581 /* FirebaseFirestore */ = {
			isa = XCSwiftPackageProductDependency;
			package = FABC40172C37A24D0037E581 /* XCRemoteSwiftPackageReference "firebase-ios-sdk" */;
			productName = FirebaseFirestore;
		};
		FABC40242C38EC6E0037E581 /* FirebaseStorage */ = {
			isa = XCSwiftPackageProductDependency;
			package = FABC40172C37A24D0037E581 /* XCRemoteSwiftPackageReference "firebase-ios-sdk" */;
			productName = FirebaseStorage;
		};
		FABC40272C399E880037E581 /* CropViewController */ = {
			isa = XCSwiftPackageProductDependency;
			package = FABC40262C399E880037E581 /* XCRemoteSwiftPackageReference "TOCropViewController" */;
			productName = CropViewController;
		};
		FABC40292C399E880037E581 /* TOCropViewController */ = {
			isa = XCSwiftPackageProductDependency;
			package = FABC40262C399E880037E581 /* XCRemoteSwiftPackageReference "TOCropViewController" */;
			productName = TOCropViewController;
		};
/* End XCSwiftPackageProductDependency section */
	};
	rootObject = FABC3FFC2C37A0AF0037E581 /* Project object */;
}
